<?xml version="1.0" encoding="utf-8"?>
<Project ToolsVersion="4.0" xmlns="http://schemas.microsoft.com/developer/msbuild/2003">
  <ItemGroup>
    <Filter Include="Source Files">
      <UniqueIdentifier>{4FC737F1-C7A5-4376-A066-2A32D752A2FF}</UniqueIdentifier>
      <Extensions>cpp;c;cc;cxx;def;odl;idl;hpj;bat;asm;asmx</Extensions>
    </Filter>
    <Filter Include="Header Files">
      <UniqueIdentifier>{93995380-89BD-4b04-88EB-625FBE52EBFB}</UniqueIdentifier>
      <Extensions>h;hh;hpp;hxx;hm;inl;inc;xsd</Extensions>
    </Filter>
    <Filter Include="Resource Files">
      <UniqueIdentifier>{67DA6AB6-F800-4c08-8B7A-83BB121AAD01}</UniqueIdentifier>
      <Extensions>rc;ico;cur;bmp;dlg;rc2;rct;bin;rgs;gif;jpg;jpeg;jpe;resx;tiff;tif;png;wav;mfcribbon-ms</Extensions>
    </Filter>
    <Filter Include="Header Files\Levels">
      <UniqueIdentifier>{f010f400-e12a-48b8-a2c5-56aa669cffea}</UniqueIdentifier>
    </Filter>
    <Filter Include="Header Files\Logics">
      <UniqueIdentifier>{7d6494a3-1ebf-40bc-ab71-9955d0ff6e1f}</UniqueIdentifier>
    </Filter>
    <Filter Include="Source Files\Levels">
      <UniqueIdentifier>{2902b8ea-c720-4603-bd22-178e5771d51e}</UniqueIdentifier>
    </Filter>
    <Filter Include="Source Files\Logics">
      <UniqueIdentifier>{3728751e-f67c-4e7a-80ab-2a796424c0bd}</UniqueIdentifier>
    </Filter>
    <Filter Include="Assets">
      <UniqueIdentifier>{4a90ee4b-7f0f-4739-9822-057ce088017a}</UniqueIdentifier>
    </Filter>
    <Filter Include="Header Files\Objects">
      <UniqueIdentifier>{1f26bc49-89c0-4c5a-8a02-e17f5a7c7227}</UniqueIdentifier>
    </Filter>
    <Filter Include="Source Files\Objects">
      <UniqueIdentifier>{4aa27730-b415-43be-8551-bed8949c19dd}</UniqueIdentifier>
    </Filter>
    <Filter Include="Header Files\Interface">
      <UniqueIdentifier>{03b0e2e5-196f-493e-9cf5-5750854df630}</UniqueIdentifier>
    </Filter>
    <Filter Include="Source Files\Interface">
      <UniqueIdentifier>{3e0c6d22-894c-4c2e-b031-dec465360ecb}</UniqueIdentifier>
    </Filter>
  </ItemGroup>
  <ItemGroup>
    <ClCompile Include="Code\Logics\Game.cpp">
      <Filter>Source Files\Logics</Filter>
    </ClCompile>
    <ClCompile Include="Code\Logics\LevelManager.cpp">
      <Filter>Source Files\Logics</Filter>
    </ClCompile>
    <ClCompile Include="Code\Logics\ResourceManager.cpp">
      <Filter>Source Files\Logics</Filter>
    </ClCompile>
    <ClCompile Include="Code\Levels\Level.cpp">
      <Filter>Source Files\Levels</Filter>
    </ClCompile>
    <ClCompile Include="Code\Levels\TestLevel.cpp">
      <Filter>Source Files\Levels</Filter>
    </ClCompile>
    <ClCompile Include="Code\Objects\Object.cpp">
      <Filter>Source Files\Objects</Filter>
    </ClCompile>
    <ClCompile Include="Code\main.cpp">
      <Filter>Source Files</Filter>
    </ClCompile>
    <ClCompile Include="Code\Logics\MouseState.cpp">
      <Filter>Source Files\Logics</Filter>
    </ClCompile>
    <ClCompile Include="Code\Logics\PathFinder.cpp">
      <Filter>Source Files\Logics</Filter>
    </ClCompile>
    <ClCompile Include="Code\Levels\TileMap.cpp">
      <Filter>Source Files\Levels</Filter>
    </ClCompile>
    <ClCompile Include="Code\Objects\Player.cpp">
      <Filter>Source Files\Objects</Filter>
    </ClCompile>
    <ClCompile Include="Code\Objects\ObjectHandler.cpp">
      <Filter>Source Files\Objects</Filter>
    </ClCompile>
    <ClCompile Include="Code\Logics\IndexRenderer.cpp">
      <Filter>Source Files\Logics</Filter>
    </ClCompile>
    <ClCompile Include="Code\Interface\Button.cpp">
      <Filter>Source Files\Interface</Filter>
    </ClCompile>
    <ClCompile Include="Code\Interface\ActionWheel.cpp">
      <Filter>Source Files</Filter>
    </ClCompile>
  </ItemGroup>
  <ItemGroup>
    <ClInclude Include="Code\Logics\Game.h">
      <Filter>Header Files\Logics</Filter>
    </ClInclude>
    <ClInclude Include="Code\Logics\LevelManager.h">
      <Filter>Header Files\Logics</Filter>
    </ClInclude>
    <ClInclude Include="Code\Logics\ResourceManager.h">
      <Filter>Header Files\Logics</Filter>
    </ClInclude>
    <ClInclude Include="Code\Levels\Level.h">
      <Filter>Header Files\Levels</Filter>
    </ClInclude>
    <ClInclude Include="Code\Levels\TestLevel.h">
      <Filter>Header Files\Levels</Filter>
    </ClInclude>
    <ClInclude Include="Code\Objects\Object.h">
      <Filter>Header Files\Objects</Filter>
    </ClInclude>
    <ClInclude Include="Code\Logics\MouseState.h">
      <Filter>Header Files\Logics</Filter>
    </ClInclude>
    <ClInclude Include="Code\Logics\Node.h">
      <Filter>Header Files\Logics</Filter>
    </ClInclude>
    <ClInclude Include="Code\Logics\PathFinder.h">
      <Filter>Header Files\Logics</Filter>
    </ClInclude>
    <ClInclude Include="Code\Levels\TileMap.h">
      <Filter>Header Files\Levels</Filter>
    </ClInclude>
    <ClInclude Include="Code\Objects\Player.h">
      <Filter>Header Files\Objects</Filter>
    </ClInclude>
    <ClInclude Include="Code\Objects\ObjectHandler.h">
      <Filter>Header Files\Objects</Filter>
    </ClInclude>
    <ClInclude Include="Code\Logics\IndexRenderer.h">
      <Filter>Header Files\Logics</Filter>
    </ClInclude>
    <ClInclude Include="Code\Logics\ISprite.h">
      <Filter>Header Files\Logics</Filter>
    </ClInclude>
    <ClInclude Include="Code\Interface\Button.h">
      <Filter>Header Files\Interface</Filter>
    </ClInclude>
    <ClInclude Include="Code\Interface\ActionWheel.h">
      <Filter>Header Files</Filter>
    </ClInclude>
  </ItemGroup>
</Project>